{
    "_meta": {
        "hash": {
            "sha256": "360491f9b200692722def547ee75f85c56b93b721a79f70a55f1eba01f1accad"
        },
        "pipfile-spec": 6,
        "requires": {
            "python_version": "3.8"
        },
        "sources": [
            {
                "name": "pypi",
                "url": "https://pypi.org/simple",
                "verify_ssl": true
            }
        ]
    },
    "default": {
        "hsluv": {
            "hashes": [
                "sha256:787226729dc284e3cf1e309bdb09f20000933cc4e6762c2ecae619a159405725",
                "sha256:cf7d38b68e3e21f897c3982ba509d4a5f26d3833275ff24bc40fb3268083b782"
            ],
            "index": "pypi",
            "version": "==5.0.0"
        }
    },
    "develop": {
        "hsluv": {
            "hashes": [
                "sha256:787226729dc284e3cf1e309bdb09f20000933cc4e6762c2ecae619a159405725",
                "sha256:cf7d38b68e3e21f897c3982ba509d4a5f26d3833275ff24bc40fb3268083b782"
            ],
            "index": "pypi",
            "version": "==5.0.0"
        }
    }
}
